
Microsoft Visual Studio Solution File, Format Version 12.00
# Visual Studio Version 16
VisualStudioVersion = 16.0.29905.134
MinimumVisualStudioVersion = 10.0.40219.1
Project("{8BC9CEB8-8B4A-11D0-8D11-00A0C91BC942}") = "StudentSorce", "StudentSorce\StudentSorce.vcxproj", "{D0835299-5F09-4250-878B-0D201FE82BBE}"
EndProject
Global
	GlobalSection(SolutionConfigurationPlatforms) = preSolution
		Debug|x64 = Debug|x64
		Debug|x86 = Debug|x86
		Release|x64 = Release|x64
		Release|x86 = Release|x86
	EndGlobalSection
	GlobalSection(ProjectConfigurationPlatforms) = postSolution
		{D0835299-5F09-4250-878B-0D201FE82BBE}.Debug|x64.ActiveCfg = Debug|x64
		{D0835299-5F09-4250-878B-0D201FE82BBE}.Debug|x64.Build.0 = Debug|x64
		{D0835299-5F09-4250-878B-0D201FE82BBE}.Debug|x86.ActiveCfg = Debug|Win32
		{D0835299-5F09-4250-878B-0D201FE82BBE}.Debug|x86.Build.0 = Debug|Win32
		{D0835299-5F09-4250-878B-0D201FE82BBE}.Release|x64.ActiveCfg = Release|x64
		{D0835299-5F09-4250-878B-0D201FE82BBE}.Release|x64.Build.0 = Release|x64
		{D0835299-5F09-4250-878B-0D201FE82BBE}.Release|x86.ActiveCfg = Release|Win32
		{D0835299-5F09-4250-878B-0D201FE82BBE}.Release|x86.Build.0 = Release|Win32
	EndGlobalSection
	GlobalSection(SolutionProperties) = preSolution
		HideSolutionNode = FALSE
	EndGlobalSection
	GlobalSection(ExtensibilityGlobals) = postSolution
		SolutionGuid = {9886C527-531E-425D-ACD5-EC4A54AE462A}
	EndGlobalSection
EndGlobal
